// !$*UTF8*$!
{
	archiveVersion = 1;
	classes = {
	};
	objectVersion = 50;
	objects = {

/* Begin PBXBuildFile section */
		70125F90259AC7B10050DB25 /* TopicVotingButton.swift in Sources */ = {isa = PBXBuildFile; fileRef = 70125F8F259AC7B10050DB25 /* TopicVotingButton.swift */; };
		7047F16C2597EB840092F739 /* leanCoffreeApp.swift in Sources */ = {isa = PBXBuildFile; fileRef = 7047F16B2597EB840092F739 /* leanCoffreeApp.swift */; };
		7047F1702597EB870092F739 /* Assets.xcassets in Resources */ = {isa = PBXBuildFile; fileRef = 7047F16F2597EB870092F739 /* Assets.xcassets */; };
		7047F1732597EB870092F739 /* Preview Assets.xcassets in Resources */ = {isa = PBXBuildFile; fileRef = 7047F1722597EB870092F739 /* Preview Assets.xcassets */; };
		7047F19D2597ECDF0092F739 /* StateMachine.swift in Sources */ = {isa = PBXBuildFile; fileRef = 7047F19C2597ECDF0092F739 /* StateMachine.swift */; };
		7047F1A82597EEB20092F739 /* Welcome.swift in Sources */ = {isa = PBXBuildFile; fileRef = 7047F1A72597EEB20092F739 /* Welcome.swift */; };
		7047F1BF25980E980092F739 /* CreateSession.swift in Sources */ = {isa = PBXBuildFile; fileRef = 7047F1BE25980E980092F739 /* CreateSession.swift */; };
		7047F1C425981CBB0092F739 /* SessionManager.swift in Sources */ = {isa = PBXBuildFile; fileRef = 7047F1C325981CBB0092F739 /* SessionManager.swift */; };
		7047F1D1259824210092F739 /* JoinSession.swift in Sources */ = {isa = PBXBuildFile; fileRef = 7047F1D0259824210092F739 /* JoinSession.swift */; };
		70605D822599BF880011CFF0 /* ComposeTopic.swift in Sources */ = {isa = PBXBuildFile; fileRef = 70605D812599BF880011CFF0 /* ComposeTopic.swift */; };
		70ABC2BE259846410019957E /* StompClient.swift in Sources */ = {isa = PBXBuildFile; fileRef = 70ABC2BD259846410019957E /* StompClient.swift */; };
		70B74B692599A9300066D86F /* DiscussionBacklog.swift in Sources */ = {isa = PBXBuildFile; fileRef = 70B74B682599A9300066D86F /* DiscussionBacklog.swift */; };
		70CB502E259A6D0D007D6ABB /* StompClientLib.swift in Sources */ = {isa = PBXBuildFile; fileRef = 70CB502D259A6D0D007D6ABB /* StompClientLib.swift */; };
		70F9A33B259A99DC00876588 /* UsersMessage.swift in Sources */ = {isa = PBXBuildFile; fileRef = 70F9A336259A99DC00876588 /* UsersMessage.swift */; };
		70F9A33C259A99DC00876588 /* SuccessOrFailureAndErrorBody.swift in Sources */ = {isa = PBXBuildFile; fileRef = 70F9A337259A99DC00876588 /* SuccessOrFailureAndErrorBody.swift */; };
		70F9A33D259A99DC00876588 /* SessionDetails.swift in Sources */ = {isa = PBXBuildFile; fileRef = 70F9A338259A99DC00876588 /* SessionDetails.swift */; };
		70F9A33E259A99DC00876588 /* DiscussionVotesDetails.swift in Sources */ = {isa = PBXBuildFile; fileRef = 70F9A339259A99DC00876588 /* DiscussionVotesDetails.swift */; };
		70F9A33F259A99DC00876588 /* TopicsDetails.swift in Sources */ = {isa = PBXBuildFile; fileRef = 70F9A33A259A99DC00876588 /* TopicsDetails.swift */; };
		70F9A34C259A9F6300876588 /* DisplayNamePrompt.swift in Sources */ = {isa = PBXBuildFile; fileRef = 70F9A34B259A9F6300876588 /* DisplayNamePrompt.swift */; };
		BBDC428F599C5B5EEBF3CC86 /* libPods-leanCoffree.a in Frameworks */ = {isa = PBXBuildFile; fileRef = D444477ABD6340BC1E3E841F /* libPods-leanCoffree.a */; };
/* End PBXBuildFile section */

/* Begin PBXContainerItemProxy section */
		7047F17A2597EB870092F739 /* PBXContainerItemProxy */ = {
			isa = PBXContainerItemProxy;
			containerPortal = 7047F1602597EB840092F739 /* Project object */;
			proxyType = 1;
			remoteGlobalIDString = 7047F1672597EB840092F739;
			remoteInfo = leanCoffree;
		};
		7047F1852597EB870092F739 /* PBXContainerItemProxy */ = {
			isa = PBXContainerItemProxy;
			containerPortal = 7047F1602597EB840092F739 /* Project object */;
			proxyType = 1;
			remoteGlobalIDString = 7047F1672597EB840092F739;
			remoteInfo = leanCoffree;
		};
/* End PBXContainerItemProxy section */

/* Begin PBXFileReference section */
		70125F8F259AC7B10050DB25 /* TopicVotingButton.swift */ = {isa = PBXFileReference; lastKnownFileType = sourcecode.swift; path = TopicVotingButton.swift; sourceTree = "<group>"; };
		7047F1682597EB840092F739 /* leanCoffree.app */ = {isa = PBXFileReference; explicitFileType = wrapper.application; includeInIndex = 0; path = leanCoffree.app; sourceTree = BUILT_PRODUCTS_DIR; };
		7047F16B2597EB840092F739 /* leanCoffreeApp.swift */ = {isa = PBXFileReference; lastKnownFileType = sourcecode.swift; path = leanCoffreeApp.swift; sourceTree = "<group>"; };
		7047F16F2597EB870092F739 /* Assets.xcassets */ = {isa = PBXFileReference; lastKnownFileType = folder.assetcatalog; path = Assets.xcassets; sourceTree = "<group>"; };
		7047F1722597EB870092F739 /* Preview Assets.xcassets */ = {isa = PBXFileReference; lastKnownFileType = folder.assetcatalog; path = "Preview Assets.xcassets"; sourceTree = "<group>"; };
		7047F1742597EB870092F739 /* Info.plist */ = {isa = PBXFileReference; lastKnownFileType = text.plist.xml; path = Info.plist; sourceTree = "<group>"; };
		7047F1792597EB870092F739 /* leanCoffreeTests.xctest */ = {isa = PBXFileReference; explicitFileType = wrapper.cfbundle; includeInIndex = 0; path = leanCoffreeTests.xctest; sourceTree = BUILT_PRODUCTS_DIR; };
		7047F1842597EB870092F739 /* leanCoffreeUITests.xctest */ = {isa = PBXFileReference; explicitFileType = wrapper.cfbundle; includeInIndex = 0; path = leanCoffreeUITests.xctest; sourceTree = BUILT_PRODUCTS_DIR; };
		7047F19C2597ECDF0092F739 /* StateMachine.swift */ = {isa = PBXFileReference; lastKnownFileType = sourcecode.swift; path = StateMachine.swift; sourceTree = "<group>"; };
		7047F1A72597EEB20092F739 /* Welcome.swift */ = {isa = PBXFileReference; lastKnownFileType = sourcecode.swift; path = Welcome.swift; sourceTree = "<group>"; };
		7047F1BE25980E980092F739 /* CreateSession.swift */ = {isa = PBXFileReference; lastKnownFileType = sourcecode.swift; path = CreateSession.swift; sourceTree = "<group>"; };
		7047F1C325981CBB0092F739 /* SessionManager.swift */ = {isa = PBXFileReference; lastKnownFileType = sourcecode.swift; path = SessionManager.swift; sourceTree = "<group>"; };
		7047F1D0259824210092F739 /* JoinSession.swift */ = {isa = PBXFileReference; lastKnownFileType = sourcecode.swift; path = JoinSession.swift; sourceTree = "<group>"; };
		70605D812599BF880011CFF0 /* ComposeTopic.swift */ = {isa = PBXFileReference; lastKnownFileType = sourcecode.swift; path = ComposeTopic.swift; sourceTree = "<group>"; };
		70ABC2BD259846410019957E /* StompClient.swift */ = {isa = PBXFileReference; lastKnownFileType = sourcecode.swift; path = StompClient.swift; sourceTree = "<group>"; };
		70B74B682599A9300066D86F /* DiscussionBacklog.swift */ = {isa = PBXFileReference; lastKnownFileType = sourcecode.swift; path = DiscussionBacklog.swift; sourceTree = "<group>"; };
		70CB502D259A6D0D007D6ABB /* StompClientLib.swift */ = {isa = PBXFileReference; lastKnownFileType = sourcecode.swift; path = StompClientLib.swift; sourceTree = "<group>"; };
		70F9A336259A99DC00876588 /* UsersMessage.swift */ = {isa = PBXFileReference; fileEncoding = 4; lastKnownFileType = sourcecode.swift; path = UsersMessage.swift; sourceTree = "<group>"; };
		70F9A337259A99DC00876588 /* SuccessOrFailureAndErrorBody.swift */ = {isa = PBXFileReference; fileEncoding = 4; lastKnownFileType = sourcecode.swift; path = SuccessOrFailureAndErrorBody.swift; sourceTree = "<group>"; };
		70F9A338259A99DC00876588 /* SessionDetails.swift */ = {isa = PBXFileReference; fileEncoding = 4; lastKnownFileType = sourcecode.swift; path = SessionDetails.swift; sourceTree = "<group>"; };
		70F9A339259A99DC00876588 /* DiscussionVotesDetails.swift */ = {isa = PBXFileReference; fileEncoding = 4; lastKnownFileType = sourcecode.swift; path = DiscussionVotesDetails.swift; sourceTree = "<group>"; };
		70F9A33A259A99DC00876588 /* TopicsDetails.swift */ = {isa = PBXFileReference; fileEncoding = 4; lastKnownFileType = sourcecode.swift; path = TopicsDetails.swift; sourceTree = "<group>"; };
		70F9A34B259A9F6300876588 /* DisplayNamePrompt.swift */ = {isa = PBXFileReference; lastKnownFileType = sourcecode.swift; path = DisplayNamePrompt.swift; sourceTree = "<group>"; };
		9D82686353480B3B6226BE52 /* Pods-leanCoffree.release.xcconfig */ = {isa = PBXFileReference; includeInIndex = 1; lastKnownFileType = text.xcconfig; name = "Pods-leanCoffree.release.xcconfig"; path = "Target Support Files/Pods-leanCoffree/Pods-leanCoffree.release.xcconfig"; sourceTree = "<group>"; };
		A19C37DBDA0EE0A871A4A116 /* Pods-leanCoffree.debug.xcconfig */ = {isa = PBXFileReference; includeInIndex = 1; lastKnownFileType = text.xcconfig; name = "Pods-leanCoffree.debug.xcconfig"; path = "Target Support Files/Pods-leanCoffree/Pods-leanCoffree.debug.xcconfig"; sourceTree = "<group>"; };
		D444477ABD6340BC1E3E841F /* libPods-leanCoffree.a */ = {isa = PBXFileReference; explicitFileType = archive.ar; includeInIndex = 0; path = "libPods-leanCoffree.a"; sourceTree = BUILT_PRODUCTS_DIR; };
/* End PBXFileReference section */

/* Begin PBXFrameworksBuildPhase section */
		7047F1652597EB840092F739 /* Frameworks */ = {
			isa = PBXFrameworksBuildPhase;
			buildActionMask = 2147483647;
			files = (
				BBDC428F599C5B5EEBF3CC86 /* libPods-leanCoffree.a in Frameworks */,
			);
			runOnlyForDeploymentPostprocessing = 0;
		};
		7047F1762597EB870092F739 /* Frameworks */ = {
			isa = PBXFrameworksBuildPhase;
			buildActionMask = 2147483647;
			files = (
			);
			runOnlyForDeploymentPostprocessing = 0;
		};
		7047F1812597EB870092F739 /* Frameworks */ = {
			isa = PBXFrameworksBuildPhase;
			buildActionMask = 2147483647;
			files = (
			);
			runOnlyForDeploymentPostprocessing = 0;
		};
/* End PBXFrameworksBuildPhase section */

/* Begin PBXGroup section */
		7047F15F2597EB840092F739 = {
			isa = PBXGroup;
			children = (
				7047F16A2597EB840092F739 /* leanCoffree */,
				7047F1692597EB840092F739 /* Products */,
				C1ECEC5D74B90A30DCFA1BDB /* Pods */,
				E104210B28134330790AC656 /* Frameworks */,
			);
			sourceTree = "<group>";
		};
		7047F1692597EB840092F739 /* Products */ = {
			isa = PBXGroup;
			children = (
				7047F1682597EB840092F739 /* leanCoffree.app */,
				7047F1792597EB870092F739 /* leanCoffreeTests.xctest */,
				7047F1842597EB870092F739 /* leanCoffreeUITests.xctest */,
			);
			name = Products;
			sourceTree = "<group>";
		};
		7047F16A2597EB840092F739 /* leanCoffree */ = {
			isa = PBXGroup;
			children = (
				70F9A335259A998E00876588 /* models */,
				7047F16B2597EB840092F739 /* leanCoffreeApp.swift */,
				7047F19C2597ECDF0092F739 /* StateMachine.swift */,
				7047F1A72597EEB20092F739 /* Welcome.swift */,
				7047F1BE25980E980092F739 /* CreateSession.swift */,
				7047F1D0259824210092F739 /* JoinSession.swift */,
				7047F1C325981CBB0092F739 /* SessionManager.swift */,
				70ABC2BD259846410019957E /* StompClient.swift */,
				70F9A34B259A9F6300876588 /* DisplayNamePrompt.swift */,
				70605D812599BF880011CFF0 /* ComposeTopic.swift */,
				70B74B682599A9300066D86F /* DiscussionBacklog.swift */,
				7047F1742597EB870092F739 /* Info.plist */,
				70CB502D259A6D0D007D6ABB /* StompClientLib.swift */,
				7047F16F2597EB870092F739 /* Assets.xcassets */,
				7047F1712597EB870092F739 /* Preview Content */,
				70125F8F259AC7B10050DB25 /* TopicVotingButton.swift */,
			);
			path = leanCoffree;
			sourceTree = "<group>";
		};
		7047F1712597EB870092F739 /* Preview Content */ = {
			isa = PBXGroup;
			children = (
				7047F1722597EB870092F739 /* Preview Assets.xcassets */,
			);
			path = "Preview Content";
			sourceTree = "<group>";
		};
		70F9A335259A998E00876588 /* models */ = {
			isa = PBXGroup;
			children = (
				70F9A339259A99DC00876588 /* DiscussionVotesDetails.swift */,
				70F9A338259A99DC00876588 /* SessionDetails.swift */,
				70F9A337259A99DC00876588 /* SuccessOrFailureAndErrorBody.swift */,
				70F9A33A259A99DC00876588 /* TopicsDetails.swift */,
				70F9A336259A99DC00876588 /* UsersMessage.swift */,
			);
			path = models;
			sourceTree = "<group>";
		};
		C1ECEC5D74B90A30DCFA1BDB /* Pods */ = {
			isa = PBXGroup;
			children = (
				A19C37DBDA0EE0A871A4A116 /* Pods-leanCoffree.debug.xcconfig */,
				9D82686353480B3B6226BE52 /* Pods-leanCoffree.release.xcconfig */,
			);
			path = Pods;
			sourceTree = "<group>";
		};
		E104210B28134330790AC656 /* Frameworks */ = {
			isa = PBXGroup;
			children = (
				D444477ABD6340BC1E3E841F /* libPods-leanCoffree.a */,
			);
			name = Frameworks;
			sourceTree = "<group>";
		};
/* End PBXGroup section */

/* Begin PBXNativeTarget section */
		7047F1672597EB840092F739 /* leanCoffree */ = {
			isa = PBXNativeTarget;
			buildConfigurationList = 7047F18D2597EB870092F739 /* Build configuration list for PBXNativeTarget "leanCoffree" */;
			buildPhases = (
				596B703418AE7FE57F0B0C29 /* [CP] Check Pods Manifest.lock */,
				7047F1642597EB840092F739 /* Sources */,
				7047F1652597EB840092F739 /* Frameworks */,
				7047F1662597EB840092F739 /* Resources */,
			);
			buildRules = (
			);
			dependencies = (
			);
			name = leanCoffree;
			productName = leanCoffree;
			productReference = 7047F1682597EB840092F739 /* leanCoffree.app */;
			productType = "com.apple.product-type.application";
		};
		7047F1782597EB870092F739 /* leanCoffreeTests */ = {
			isa = PBXNativeTarget;
			buildConfigurationList = 7047F1902597EB870092F739 /* Build configuration list for PBXNativeTarget "leanCoffreeTests" */;
			buildPhases = (
				7047F1752597EB870092F739 /* Sources */,
				7047F1762597EB870092F739 /* Frameworks */,
				7047F1772597EB870092F739 /* Resources */,
			);
			buildRules = (
			);
			dependencies = (
				7047F17B2597EB870092F739 /* PBXTargetDependency */,
			);
			name = leanCoffreeTests;
			productName = leanCoffreeTests;
			productReference = 7047F1792597EB870092F739 /* leanCoffreeTests.xctest */;
			productType = "com.apple.product-type.bundle.unit-test";
		};
		7047F1832597EB870092F739 /* leanCoffreeUITests */ = {
			isa = PBXNativeTarget;
			buildConfigurationList = 7047F1932597EB870092F739 /* Build configuration list for PBXNativeTarget "leanCoffreeUITests" */;
			buildPhases = (
				7047F1802597EB870092F739 /* Sources */,
				7047F1812597EB870092F739 /* Frameworks */,
				7047F1822597EB870092F739 /* Resources */,
			);
			buildRules = (
			);
			dependencies = (
				7047F1862597EB870092F739 /* PBXTargetDependency */,
			);
			name = leanCoffreeUITests;
			productName = leanCoffreeUITests;
			productReference = 7047F1842597EB870092F739 /* leanCoffreeUITests.xctest */;
			productType = "com.apple.product-type.bundle.ui-testing";
		};
/* End PBXNativeTarget section */

/* Begin PBXProject section */
		7047F1602597EB840092F739 /* Project object */ = {
			isa = PBXProject;
			attributes = {
				LastSwiftUpdateCheck = 1230;
				LastUpgradeCheck = 1230;
				TargetAttributes = {
					7047F1672597EB840092F739 = {
						CreatedOnToolsVersion = 12.3;
					};
					7047F1782597EB870092F739 = {
						CreatedOnToolsVersion = 12.3;
						TestTargetID = 7047F1672597EB840092F739;
					};
					7047F1832597EB870092F739 = {
						CreatedOnToolsVersion = 12.3;
						TestTargetID = 7047F1672597EB840092F739;
					};
				};
			};
			buildConfigurationList = 7047F1632597EB840092F739 /* Build configuration list for PBXProject "leanCoffree" */;
			compatibilityVersion = "Xcode 9.3";
			developmentRegion = en;
			hasScannedForEncodings = 0;
			knownRegions = (
				en,
				Base,
			);
			mainGroup = 7047F15F2597EB840092F739;
			productRefGroup = 7047F1692597EB840092F739 /* Products */;
			projectDirPath = "";
			projectRoot = "";
			targets = (
				7047F1672597EB840092F739 /* leanCoffree */,
				7047F1782597EB870092F739 /* leanCoffreeTests */,
				7047F1832597EB870092F739 /* leanCoffreeUITests */,
			);
		};
/* End PBXProject section */

/* Begin PBXResourcesBuildPhase section */
		7047F1662597EB840092F739 /* Resources */ = {
			isa = PBXResourcesBuildPhase;
			buildActionMask = 2147483647;
			files = (
				7047F1732597EB870092F739 /* Preview Assets.xcassets in Resources */,
				7047F1702597EB870092F739 /* Assets.xcassets in Resources */,
			);
			runOnlyForDeploymentPostprocessing = 0;
		};
		7047F1772597EB870092F739 /* Resources */ = {
			isa = PBXResourcesBuildPhase;
			buildActionMask = 2147483647;
			files = (
			);
			runOnlyForDeploymentPostprocessing = 0;
		};
		7047F1822597EB870092F739 /* Resources */ = {
			isa = PBXResourcesBuildPhase;
			buildActionMask = 2147483647;
			files = (
			);
			runOnlyForDeploymentPostprocessing = 0;
		};
/* End PBXResourcesBuildPhase section */

/* Begin PBXShellScriptBuildPhase section */
		596B703418AE7FE57F0B0C29 /* [CP] Check Pods Manifest.lock */ = {
			isa = PBXShellScriptBuildPhase;
			buildActionMask = 2147483647;
			files = (
			);
			inputFileListPaths = (
			);
			inputPaths = (
				"${PODS_PODFILE_DIR_PATH}/Podfile.lock",
				"${PODS_ROOT}/Manifest.lock",
			);
			name = "[CP] Check Pods Manifest.lock";
			outputFileListPaths = (
			);
			outputPaths = (
				"$(DERIVED_FILE_DIR)/Pods-leanCoffree-checkManifestLockResult.txt",
			);
			runOnlyForDeploymentPostprocessing = 0;
			shellPath = /bin/sh;
			shellScript = "diff \"${PODS_PODFILE_DIR_PATH}/Podfile.lock\" \"${PODS_ROOT}/Manifest.lock\" > /dev/null\nif [ $? != 0 ] ; then\n    # print error to STDERR\n    echo \"error: The sandbox is not in sync with the Podfile.lock. Run 'pod install' or update your CocoaPods installation.\" >&2\n    exit 1\nfi\n# This output is used by Xcode 'outputs' to avoid re-running this script phase.\necho \"SUCCESS\" > \"${SCRIPT_OUTPUT_FILE_0}\"\n";
			showEnvVarsInLog = 0;
		};
/* End PBXShellScriptBuildPhase section */

/* Begin PBXSourcesBuildPhase section */
		7047F1642597EB840092F739 /* Sources */ = {
			isa = PBXSourcesBuildPhase;
			buildActionMask = 2147483647;
			files = (
				7047F19D2597ECDF0092F739 /* StateMachine.swift in Sources */,
				70F9A33D259A99DC00876588 /* SessionDetails.swift in Sources */,
				70F9A33E259A99DC00876588 /* DiscussionVotesDetails.swift in Sources */,
				70125F90259AC7B10050DB25 /* TopicVotingButton.swift in Sources */,
				70B74B692599A9300066D86F /* DiscussionBacklog.swift in Sources */,
				7047F1A82597EEB20092F739 /* Welcome.swift in Sources */,
				7047F1C425981CBB0092F739 /* SessionManager.swift in Sources */,
				70F9A34C259A9F6300876588 /* DisplayNamePrompt.swift in Sources */,
				7047F1BF25980E980092F739 /* CreateSession.swift in Sources */,
				7047F16C2597EB840092F739 /* leanCoffreeApp.swift in Sources */,
				70F9A33C259A99DC00876588 /* SuccessOrFailureAndErrorBody.swift in Sources */,
				70F9A33F259A99DC00876588 /* TopicsDetails.swift in Sources */,
				70CB502E259A6D0D007D6ABB /* StompClientLib.swift in Sources */,
				70605D822599BF880011CFF0 /* ComposeTopic.swift in Sources */,
				70ABC2BE259846410019957E /* StompClient.swift in Sources */,
				7047F1D1259824210092F739 /* JoinSession.swift in Sources */,
				70F9A33B259A99DC00876588 /* UsersMessage.swift in Sources */,
			);
			runOnlyForDeploymentPostprocessing = 0;
		};
		7047F1752597EB870092F739 /* Sources */ = {
			isa = PBXSourcesBuildPhase;
			buildActionMask = 2147483647;
			files = (
			);
			runOnlyForDeploymentPostprocessing = 0;
		};
		7047F1802597EB870092F739 /* Sources */ = {
			isa = PBXSourcesBuildPhase;
			buildActionMask = 2147483647;
			files = (
			);
			runOnlyForDeploymentPostprocessing = 0;
		};
/* End PBXSourcesBuildPhase section */

/* Begin PBXTargetDependency section */
		7047F17B2597EB870092F739 /* PBXTargetDependency */ = {
			isa = PBXTargetDependency;
			target = 7047F1672597EB840092F739 /* leanCoffree */;
			targetProxy = 7047F17A2597EB870092F739 /* PBXContainerItemProxy */;
		};
		7047F1862597EB870092F739 /* PBXTargetDependency */ = {
			isa = PBXTargetDependency;
			target = 7047F1672597EB840092F739 /* leanCoffree */;
			targetProxy = 7047F1852597EB870092F739 /* PBXContainerItemProxy */;
		};
/* End PBXTargetDependency section */

/* Begin XCBuildConfiguration section */
		7047F18B2597EB870092F739 /* Debug */ = {
			isa = XCBuildConfiguration;
			buildSettings = {
				ALWAYS_SEARCH_USER_PATHS = NO;
				CLANG_ANALYZER_NONNULL = YES;
				CLANG_ANALYZER_NUMBER_OBJECT_CONVERSION = YES_AGGRESSIVE;
				CLANG_CXX_LANGUAGE_STANDARD = "gnu++14";
				CLANG_CXX_LIBRARY = "libc++";
				CLANG_ENABLE_MODULES = YES;
				CLANG_ENABLE_OBJC_ARC = YES;
				CLANG_ENABLE_OBJC_WEAK = YES;
				CLANG_WARN_BLOCK_CAPTURE_AUTORELEASING = YES;
				CLANG_WARN_BOOL_CONVERSION = YES;
				CLANG_WARN_COMMA = YES;
				CLANG_WARN_CONSTANT_CONVERSION = YES;
				CLANG_WARN_DEPRECATED_OBJC_IMPLEMENTATIONS = YES;
				CLANG_WARN_DIRECT_OBJC_ISA_USAGE = YES_ERROR;
				CLANG_WARN_DOCUMENTATION_COMMENTS = YES;
				CLANG_WARN_EMPTY_BODY = YES;
				CLANG_WARN_ENUM_CONVERSION = YES;
				CLANG_WARN_INFINITE_RECURSION = YES;
				CLANG_WARN_INT_CONVERSION = YES;
				CLANG_WARN_NON_LITERAL_NULL_CONVERSION = YES;
				CLANG_WARN_OBJC_IMPLICIT_RETAIN_SELF = YES;
				CLANG_WARN_OBJC_LITERAL_CONVERSION = YES;
				CLANG_WARN_OBJC_ROOT_CLASS = YES_ERROR;
				CLANG_WARN_QUOTED_INCLUDE_IN_FRAMEWORK_HEADER = YES;
				CLANG_WARN_RANGE_LOOP_ANALYSIS = YES;
				CLANG_WARN_STRICT_PROTOTYPES = YES;
				CLANG_WARN_SUSPICIOUS_MOVE = YES;
				CLANG_WARN_UNGUARDED_AVAILABILITY = YES_AGGRESSIVE;
				CLANG_WARN_UNREACHABLE_CODE = YES;
				CLANG_WARN__DUPLICATE_METHOD_MATCH = YES;
				COPY_PHASE_STRIP = NO;
				DEBUG_INFORMATION_FORMAT = dwarf;
				ENABLE_STRICT_OBJC_MSGSEND = YES;
				ENABLE_TESTABILITY = YES;
				GCC_C_LANGUAGE_STANDARD = gnu11;
				GCC_DYNAMIC_NO_PIC = NO;
				GCC_NO_COMMON_BLOCKS = YES;
				GCC_OPTIMIZATION_LEVEL = 0;
				GCC_PREPROCESSOR_DEFINITIONS = (
					"DEBUG=1",
					"$(inherited)",
				);
				GCC_WARN_64_TO_32_BIT_CONVERSION = YES;
				GCC_WARN_ABOUT_RETURN_TYPE = YES_ERROR;
				GCC_WARN_UNDECLARED_SELECTOR = YES;
				GCC_WARN_UNINITIALIZED_AUTOS = YES_AGGRESSIVE;
				GCC_WARN_UNUSED_FUNCTION = YES;
				GCC_WARN_UNUSED_VARIABLE = YES;
				IPHONEOS_DEPLOYMENT_TARGET = 14.3;
				MTL_ENABLE_DEBUG_INFO = INCLUDE_SOURCE;
				MTL_FAST_MATH = YES;
				ONLY_ACTIVE_ARCH = YES;
				SDKROOT = iphoneos;
				SWIFT_ACTIVE_COMPILATION_CONDITIONS = DEBUG;
				SWIFT_OPTIMIZATION_LEVEL = "-Onone";
			};
			name = Debug;
		};
		7047F18C2597EB870092F739 /* Release */ = {
			isa = XCBuildConfiguration;
			buildSettings = {
				ALWAYS_SEARCH_USER_PATHS = NO;
				CLANG_ANALYZER_NONNULL = YES;
				CLANG_ANALYZER_NUMBER_OBJECT_CONVERSION = YES_AGGRESSIVE;
				CLANG_CXX_LANGUAGE_STANDARD = "gnu++14";
				CLANG_CXX_LIBRARY = "libc++";
				CLANG_ENABLE_MODULES = YES;
				CLANG_ENABLE_OBJC_ARC = YES;
				CLANG_ENABLE_OBJC_WEAK = YES;
				CLANG_WARN_BLOCK_CAPTURE_AUTORELEASING = YES;
				CLANG_WARN_BOOL_CONVERSION = YES;
				CLANG_WARN_COMMA = YES;
				CLANG_WARN_CONSTANT_CONVERSION = YES;
				CLANG_WARN_DEPRECATED_OBJC_IMPLEMENTATIONS = YES;
				CLANG_WARN_DIRECT_OBJC_ISA_USAGE = YES_ERROR;
				CLANG_WARN_DOCUMENTATION_COMMENTS = YES;
				CLANG_WARN_EMPTY_BODY = YES;
				CLANG_WARN_ENUM_CONVERSION = YES;
				CLANG_WARN_INFINITE_RECURSION = YES;
				CLANG_WARN_INT_CONVERSION = YES;
				CLANG_WARN_NON_LITERAL_NULL_CONVERSION = YES;
				CLANG_WARN_OBJC_IMPLICIT_RETAIN_SELF = YES;
				CLANG_WARN_OBJC_LITERAL_CONVERSION = YES;
				CLANG_WARN_OBJC_ROOT_CLASS = YES_ERROR;
				CLANG_WARN_QUOTED_INCLUDE_IN_FRAMEWORK_HEADER = YES;
				CLANG_WARN_RANGE_LOOP_ANALYSIS = YES;
				CLANG_WARN_STRICT_PROTOTYPES = YES;
				CLANG_WARN_SUSPICIOUS_MOVE = YES;
				CLANG_WARN_UNGUARDED_AVAILABILITY = YES_AGGRESSIVE;
				CLANG_WARN_UNREACHABLE_CODE = YES;
				CLANG_WARN__DUPLICATE_METHOD_MATCH = YES;
				COPY_PHASE_STRIP = NO;
				DEBUG_INFORMATION_FORMAT = "dwarf-with-dsym";
				ENABLE_NS_ASSERTIONS = NO;
				ENABLE_STRICT_OBJC_MSGSEND = YES;
				GCC_C_LANGUAGE_STANDARD = gnu11;
				GCC_NO_COMMON_BLOCKS = YES;
				GCC_WARN_64_TO_32_BIT_CONVERSION = YES;
				GCC_WARN_ABOUT_RETURN_TYPE = YES_ERROR;
				GCC_WARN_UNDECLARED_SELECTOR = YES;
				GCC_WARN_UNINITIALIZED_AUTOS = YES_AGGRESSIVE;
				GCC_WARN_UNUSED_FUNCTION = YES;
				GCC_WARN_UNUSED_VARIABLE = YES;
				IPHONEOS_DEPLOYMENT_TARGET = 14.3;
				MTL_ENABLE_DEBUG_INFO = NO;
				MTL_FAST_MATH = YES;
				SDKROOT = iphoneos;
				SWIFT_COMPILATION_MODE = wholemodule;
				SWIFT_OPTIMIZATION_LEVEL = "-O";
				VALIDATE_PRODUCT = YES;
			};
			name = Release;
		};
		7047F18E2597EB870092F739 /* Debug */ = {
			isa = XCBuildConfiguration;
			baseConfigurationReference = A19C37DBDA0EE0A871A4A116 /* Pods-leanCoffree.debug.xcconfig */;
			buildSettings = {
				ASSETCATALOG_COMPILER_APPICON_NAME = AppIcon;
				ASSETCATALOG_COMPILER_GLOBAL_ACCENT_COLOR_NAME = AccentColor;
				CODE_SIGN_IDENTITY = "Apple Development";
				CODE_SIGN_STYLE = Automatic;
				DEVELOPMENT_ASSET_PATHS = "\"leanCoffree/Preview Content\"";
				DEVELOPMENT_TEAM = V63WCKWA54;
				ENABLE_PREVIEWS = YES;
				INFOPLIST_FILE = leanCoffree/Info.plist;
				IPHONEOS_DEPLOYMENT_TARGET = 14.0;
				LD_RUNPATH_SEARCH_PATHS = (
					"$(inherited)",
					"@executable_path/Frameworks",
				);
				PRODUCT_BUNDLE_IDENTIFIER = arlevin.org.leanCoffree;
				PRODUCT_NAME = "$(TARGET_NAME)";
				PROVISIONING_PROFILE_SPECIFIER = "";
				SWIFT_VERSION = 5.0;
				TARGETED_DEVICE_FAMILY = "1,2";
			};
			name = Debug;
		};
		7047F18F2597EB870092F739 /* Release */ = {
			isa = XCBuildConfiguration;
			baseConfigurationReference = 9D82686353480B3B6226BE52 /* Pods-leanCoffree.release.xcconfig */;
			buildSettings = {
				ASSETCATALOG_COMPILER_APPICON_NAME = AppIcon;
				ASSETCATALOG_COMPILER_GLOBAL_ACCENT_COLOR_NAME = AccentColor;
				CODE_SIGN_IDENTITY = "Apple Development";
				CODE_SIGN_STYLE = Automatic;
				DEVELOPMENT_ASSET_PATHS = "\"leanCoffree/Preview Content\"";
				DEVELOPMENT_TEAM = V63WCKWA54;
				ENABLE_PREVIEWS = YES;
				INFOPLIST_FILE = leanCoffree/Info.plist;
				IPHONEOS_DEPLOYMENT_TARGET = 14.0;
				LD_RUNPATH_SEARCH_PATHS = (
					"$(inherited)",
					"@executable_path/Frameworks",
				);
				PRODUCT_BUNDLE_IDENTIFIER = arlevin.org.leanCoffree;
				PRODUCT_NAME = "$(TARGET_NAME)";
				PROVISIONING_PROFILE_SPECIFIER = "";
				SWIFT_VERSION = 5.0;
				TARGETED_DEVICE_FAMILY = "1,2";
			};
			name = Release;
		};
		7047F1912597EB870092F739 /* Debug */ = {
			isa = XCBuildConfiguration;
			buildSettings = {
				ALWAYS_EMBED_SWIFT_STANDARD_LIBRARIES = YES;
				BUNDLE_LOADER = "$(TEST_HOST)";
				CODE_SIGN_STYLE = Automatic;
				DEVELOPMENT_TEAM = V63WCKWA54;
				INFOPLIST_FILE = leanCoffreeTests/Info.plist;
				IPHONEOS_DEPLOYMENT_TARGET = 14.0;
				LD_RUNPATH_SEARCH_PATHS = (
					"$(inherited)",
					"@executable_path/Frameworks",
					"@loader_path/Frameworks",
				);
				PRODUCT_BUNDLE_IDENTIFIER = arlevin.org.leanCoffreeTests;
				PRODUCT_NAME = "$(TARGET_NAME)";
				SWIFT_VERSION = 5.0;
				TARGETED_DEVICE_FAMILY = "1,2";
				TEST_HOST = "$(BUILT_PRODUCTS_DIR)/leanCoffree.app/leanCoffree";
			};
			name = Debug;
		};
		7047F1922597EB870092F739 /* Release */ = {
			isa = XCBuildConfiguration;
			buildSettings = {
				ALWAYS_EMBED_SWIFT_STANDARD_LIBRARIES = YES;
				BUNDLE_LOADER = "$(TEST_HOST)";
				CODE_SIGN_STYLE = Automatic;
				DEVELOPMENT_TEAM = V63WCKWA54;
				INFOPLIST_FILE = leanCoffreeTests/Info.plist;
				IPHONEOS_DEPLOYMENT_TARGET = 14.0;
				LD_RUNPATH_SEARCH_PATHS = (
					"$(inherited)",
					"@executable_path/Frameworks",
					"@loader_path/Frameworks",
				);
				PRODUCT_BUNDLE_IDENTIFIER = arlevin.org.leanCoffreeTests;
				PRODUCT_NAME = "$(TARGET_NAME)";
				SWIFT_VERSION = 5.0;
				TARGETED_DEVICE_FAMILY = "1,2";
				TEST_HOST = "$(BUILT_PRODUCTS_DIR)/leanCoffree.app/leanCoffree";
			};
			name = Release;
		};
		7047F1942597EB870092F739 /* Debug */ = {
			isa = XCBuildConfiguration;
			buildSettings = {
				ALWAYS_EMBED_SWIFT_STANDARD_LIBRARIES = YES;
				CODE_SIGN_STYLE = Automatic;
				DEVELOPMENT_TEAM = V63WCKWA54;
				INFOPLIST_FILE = leanCoffreeUITests/Info.plist;
				LD_RUNPATH_SEARCH_PATHS = (
					"$(inherited)",
					"@executable_path/Frameworks",
					"@loader_path/Frameworks",
				);
				PRODUCT_BUNDLE_IDENTIFIER = arlevin.org.leanCoffreeUITests;
				PRODUCT_NAME = "$(TARGET_NAME)";
				SWIFT_VERSION = 5.0;
				TARGETED_DEVICE_FAMILY = "1,2";
				TEST_TARGET_NAME = leanCoffree;
			};
			name = Debug;
		};
		7047F1952597EB870092F739 /* Release */ = {
			isa = XCBuildConfiguration;
			buildSettings = {
				ALWAYS_EMBED_SWIFT_STANDARD_LIBRARIES = YES;
				CODE_SIGN_STYLE = Automatic;
				DEVELOPMENT_TEAM = V63WCKWA54;
				INFOPLIST_FILE = leanCoffreeUITests/Info.plist;
				LD_RUNPATH_SEARCH_PATHS = (
					"$(inherited)",
					"@executable_path/Frameworks",
					"@loader_path/Frameworks",
				);
				PRODUCT_BUNDLE_IDENTIFIER = arlevin.org.leanCoffreeUITests;
				PRODUCT_NAME = "$(TARGET_NAME)";
				SWIFT_VERSION = 5.0;
				TARGETED_DEVICE_FAMILY = "1,2";
				TEST_TARGET_NAME = leanCoffree;
			};
			name = Release;
		};
/* End XCBuildConfiguration section */

/* Begin XCConfigurationList section */
		7047F1632597EB840092F739 /* Build configuration list for PBXProject "leanCoffree" */ = {
			isa = XCConfigurationList;
			buildConfigurations = (
				7047F18B2597EB870092F739 /* Debug */,
				7047F18C2597EB870092F739 /* Release */,
			);
			defaultConfigurationIsVisible = 0;
			defaultConfigurationName = Release;
		};
		7047F18D2597EB870092F739 /* Build configuration list for PBXNativeTarget "leanCoffree" */ = {
			isa = XCConfigurationList;
			buildConfigurations = (
				7047F18E2597EB870092F739 /* Debug */,
				7047F18F2597EB870092F739 /* Release */,
			);
			defaultConfigurationIsVisible = 0;
			defaultConfigurationName = Release;
		};
		7047F1902597EB870092F739 /* Build configuration list for PBXNativeTarget "leanCoffreeTests" */ = {
			isa = XCConfigurationList;
			buildConfigurations = (
				7047F1912597EB870092F739 /* Debug */,
				7047F1922597EB870092F739 /* Release */,
			);
			defaultConfigurationIsVisible = 0;
			defaultConfigurationName = Release;
		};
		7047F1932597EB870092F739 /* Build configuration list for PBXNativeTarget "leanCoffreeUITests" */ = {
			isa = XCConfigurationList;
			buildConfigurations = (
				7047F1942597EB870092F739 /* Debug */,
				7047F1952597EB870092F739 /* Release */,
			);
			defaultConfigurationIsVisible = 0;
			defaultConfigurationName = Release;
		};
/* End XCConfigurationList section */
	};
	rootObject = 7047F1602597EB840092F739 /* Project object */;
}
